// !$*UTF8*$!
{
	archiveVersion = 1;
	classes = {
	};
	objectVersion = 50;
	objects = {

/* Begin PBXBuildFile section */
		6F11E3A8236ED5A600723F50 /* AppDelegate.swift in Sources */ = {isa = PBXBuildFile; fileRef = 6F11E3A7236ED5A600723F50 /* AppDelegate.swift */; };
		6F11E3AA236ED5A600723F50 /* SceneDelegate.swift in Sources */ = {isa = PBXBuildFile; fileRef = 6F11E3A9236ED5A600723F50 /* SceneDelegate.swift */; };
		6F11E3AC236ED5A600723F50 /* ChecklistViewController.swift in Sources */ = {isa = PBXBuildFile; fileRef = 6F11E3AB236ED5A600723F50 /* ChecklistViewController.swift */; };
		6F11E3AF236ED5A600723F50 /* Main.storyboard in Resources */ = {isa = PBXBuildFile; fileRef = 6F11E3AD236ED5A600723F50 /* Main.storyboard */; };
		6F11E3B1236ED5AA00723F50 /* Assets.xcassets in Resources */ = {isa = PBXBuildFile; fileRef = 6F11E3B0236ED5AA00723F50 /* Assets.xcassets */; };
		6F11E3B4236ED5AA00723F50 /* LaunchScreen.storyboard in Resources */ = {isa = PBXBuildFile; fileRef = 6F11E3B2236ED5AA00723F50 /* LaunchScreen.storyboard */; };
		6F11E3BC236EE67100723F50 /* ChecklistItem.swift in Sources */ = {isa = PBXBuildFile; fileRef = 6F11E3BB236EE67100723F50 /* ChecklistItem.swift */; };
		6F11E3C0236EF18100723F50 /* ItemDetailViewController.swift in Sources */ = {isa = PBXBuildFile; fileRef = 6F11E3BF236EF18100723F50 /* ItemDetailViewController.swift */; };
		6F11E3C22370380600723F50 /* AllListViewController.swift in Sources */ = {isa = PBXBuildFile; fileRef = 6F11E3C12370380600723F50 /* AllListViewController.swift */; };
		6F11E3C42370391300723F50 /* Checklist.swift in Sources */ = {isa = PBXBuildFile; fileRef = 6F11E3C32370391300723F50 /* Checklist.swift */; };
		6F11E3C62370471300723F50 /* ListDetailViewController.swift in Sources */ = {isa = PBXBuildFile; fileRef = 6F11E3C52370471300723F50 /* ListDetailViewController.swift */; };
		6F11E3C823705B3800723F50 /* DataModel.swift in Sources */ = {isa = PBXBuildFile; fileRef = 6F11E3C723705B3800723F50 /* DataModel.swift */; };
		6F11E3CA237083FF00723F50 /* IconPickerViewController.swift in Sources */ = {isa = PBXBuildFile; fileRef = 6F11E3C9237083FF00723F50 /* IconPickerViewController.swift */; };
/* End PBXBuildFile section */

/* Begin PBXFileReference section */
		6F11E3A4236ED5A600723F50 /* Checklist.app */ = {isa = PBXFileReference; explicitFileType = wrapper.application; includeInIndex = 0; path = Checklist.app; sourceTree = BUILT_PRODUCTS_DIR; };
		6F11E3A7236ED5A600723F50 /* AppDelegate.swift */ = {isa = PBXFileReference; lastKnownFileType = sourcecode.swift; path = AppDelegate.swift; sourceTree = "<group>"; };
		6F11E3A9236ED5A600723F50 /* SceneDelegate.swift */ = {isa = PBXFileReference; lastKnownFileType = sourcecode.swift; path = SceneDelegate.swift; sourceTree = "<group>"; };
		6F11E3AB236ED5A600723F50 /* ChecklistViewController.swift */ = {isa = PBXFileReference; lastKnownFileType = sourcecode.swift; path = ChecklistViewController.swift; sourceTree = "<group>"; };
		6F11E3AE236ED5A600723F50 /* Base */ = {isa = PBXFileReference; lastKnownFileType = file.storyboard; name = Base; path = Base.lproj/Main.storyboard; sourceTree = "<group>"; };
		6F11E3B0236ED5AA00723F50 /* Assets.xcassets */ = {isa = PBXFileReference; lastKnownFileType = folder.assetcatalog; path = Assets.xcassets; sourceTree = "<group>"; };
		6F11E3B3236ED5AA00723F50 /* Base */ = {isa = PBXFileReference; lastKnownFileType = file.storyboard; name = Base; path = Base.lproj/LaunchScreen.storyboard; sourceTree = "<group>"; };
		6F11E3B5236ED5AA00723F50 /* Info.plist */ = {isa = PBXFileReference; lastKnownFileType = text.plist.xml; path = Info.plist; sourceTree = "<group>"; };
		6F11E3BB236EE67100723F50 /* ChecklistItem.swift */ = {isa = PBXFileReference; lastKnownFileType = sourcecode.swift; path = ChecklistItem.swift; sourceTree = "<group>"; };
		6F11E3BF236EF18100723F50 /* ItemDetailViewController.swift */ = {isa = PBXFileReference; lastKnownFileType = sourcecode.swift; path = ItemDetailViewController.swift; sourceTree = "<group>"; };
		6F11E3C12370380600723F50 /* AllListViewController.swift */ = {isa = PBXFileReference; lastKnownFileType = sourcecode.swift; path = AllListViewController.swift; sourceTree = "<group>"; };
		6F11E3C32370391300723F50 /* Checklist.swift */ = {isa = PBXFileReference; lastKnownFileType = sourcecode.swift; path = Checklist.swift; sourceTree = "<group>"; };
		6F11E3C52370471300723F50 /* ListDetailViewController.swift */ = {isa = PBXFileReference; lastKnownFileType = sourcecode.swift; path = ListDetailViewController.swift; sourceTree = "<group>"; };
		6F11E3C723705B3800723F50 /* DataModel.swift */ = {isa = PBXFileReference; lastKnownFileType = sourcecode.swift; path = DataModel.swift; sourceTree = "<group>"; };
		6F11E3C9237083FF00723F50 /* IconPickerViewController.swift */ = {isa = PBXFileReference; lastKnownFileType = sourcecode.swift; path = IconPickerViewController.swift; sourceTree = "<group>"; };
/* End PBXFileReference section */

/* Begin PBXFrameworksBuildPhase section */
		6F11E3A1236ED5A600723F50 /* Frameworks */ = {
			isa = PBXFrameworksBuildPhase;
			buildActionMask = 2147483647;
			files = (
			);
			runOnlyForDeploymentPostprocessing = 0;
		};
/* End PBXFrameworksBuildPhase section */

/* Begin PBXGroup section */
		6F11E39B236ED5A600723F50 = {
			isa = PBXGroup;
			children = (
				6F11E3A6236ED5A600723F50 /* Checklist */,
				6F11E3A5236ED5A600723F50 /* Products */,
			);
			sourceTree = "<group>";
		};
		6F11E3A5236ED5A600723F50 /* Products */ = {
			isa = PBXGroup;
			children = (
				6F11E3A4236ED5A600723F50 /* Checklist.app */,
			);
			name = Products;
			sourceTree = "<group>";
		};
		6F11E3A6236ED5A600723F50 /* Checklist */ = {
			isa = PBXGroup;
			children = (
				6F11E3A7236ED5A600723F50 /* AppDelegate.swift */,
				6F11E3A9236ED5A600723F50 /* SceneDelegate.swift */,
				6F11E3BD236EE7D500723F50 /* Data Models */,
				6F11E3BE236EE7F200723F50 /* View Controllers */,
				6F20E0C5238951E800475689 /* View */,
				6F11E3B0236ED5AA00723F50 /* Assets.xcassets */,
				6F11E3B5236ED5AA00723F50 /* Info.plist */,
			);
			path = Checklist;
			sourceTree = "<group>";
		};
		6F11E3BD236EE7D500723F50 /* Data Models */ = {
			isa = PBXGroup;
			children = (
				6F11E3C723705B3800723F50 /* DataModel.swift */,
				6F11E3C32370391300723F50 /* Checklist.swift */,
				6F11E3BB236EE67100723F50 /* ChecklistItem.swift */,
			);
			path = "Data Models";
			sourceTree = "<group>";
		};
		6F11E3BE236EE7F200723F50 /* View Controllers */ = {
			isa = PBXGroup;
			children = (
				6F11E3C12370380600723F50 /* AllListViewController.swift */,
				6F11E3C52370471300723F50 /* ListDetailViewController.swift */,
				6F11E3C9237083FF00723F50 /* IconPickerViewController.swift */,
				6F11E3AB236ED5A600723F50 /* ChecklistViewController.swift */,
				6F11E3BF236EF18100723F50 /* ItemDetailViewController.swift */,
			);
			path = "View Controllers";
			sourceTree = "<group>";
		};
		6F20E0C5238951E800475689 /* View */ = {
			isa = PBXGroup;
			children = (
				6F11E3AD236ED5A600723F50 /* Main.storyboard */,
				6F11E3B2236ED5AA00723F50 /* LaunchScreen.storyboard */,
			);
			path = View;
			sourceTree = "<group>";
		};
/* End PBXGroup section */

/* Begin PBXNativeTarget section */
		6F11E3A3236ED5A600723F50 /* Checklist */ = {
			isa = PBXNativeTarget;
			buildConfigurationList = 6F11E3B8236ED5AA00723F50 /* Build configuration list for PBXNativeTarget "Checklist" */;
			buildPhases = (
				6F11E3A0236ED5A600723F50 /* Sources */,
				6F11E3A1236ED5A600723F50 /* Frameworks */,
				6F11E3A2236ED5A600723F50 /* Resources */,
			);
			buildRules = (
			);
			dependencies = (
			);
			name = Checklist;
			productName = Checklist;
			productReference = 6F11E3A4236ED5A600723F50 /* Checklist.app */;
			productType = "com.apple.product-type.application";
		};
/* End PBXNativeTarget section */

/* Begin PBXProject section */
		6F11E39C236ED5A600723F50 /* Project object */ = {
			isa = PBXProject;
			attributes = {
				LastSwiftUpdateCheck = 1100;
				LastUpgradeCheck = 1100;
				ORGANIZATIONNAME = "Mohammed Hamdi";
				TargetAttributes = {
					6F11E3A3236ED5A600723F50 = {
						CreatedOnToolsVersion = 11.0;
					};
				};
			};
			buildConfigurationList = 6F11E39F236ED5A600723F50 /* Build configuration list for PBXProject "Checklist" */;
			compatibilityVersion = "Xcode 9.3";
			developmentRegion = en;
			hasScannedForEncodings = 0;
			knownRegions = (
				en,
				Base,
			);
			mainGroup = 6F11E39B236ED5A600723F50;
			productRefGroup = 6F11E3A5236ED5A600723F50 /* Products */;
			projectDirPath = "";
			projectRoot = "";
			targets = (
				6F11E3A3236ED5A600723F50 /* Checklist */,
			);
		};
/* End PBXProject section */

/* Begin PBXResourcesBuildPhase section */
		6F11E3A2236ED5A600723F50 /* Resources */ = {
			isa = PBXResourcesBuildPhase;
			buildActionMask = 2147483647;
			files = (
				6F11E3B4236ED5AA00723F50 /* LaunchScreen.storyboard in Resources */,
				6F11E3B1236ED5AA00723F50 /* Assets.xcassets in Resources */,
				6F11E3AF236ED5A600723F50 /* Main.storyboard in Resources */,
			);
			runOnlyForDeploymentPostprocessing = 0;
		};
/* End PBXResourcesBuildPhase section */

/* Begin PBXSourcesBuildPhase section */
		6F11E3A0236ED5A600723F50 /* Sources */ = {
			isa = PBXSourcesBuildPhase;
			buildActionMask = 2147483647;
			files = (
				6F11E3C22370380600723F50 /* AllListViewController.swift in Sources */,
				6F11E3C0236EF18100723F50 /* ItemDetailViewController.swift in Sources */,
				6F11E3AC236ED5A600723F50 /* ChecklistViewController.swift in Sources */,
				6F11E3CA237083FF00723F50 /* IconPickerViewController.swift in Sources */,
				6F11E3A8236ED5A600723F50 /* AppDelegate.swift in Sources */,
				6F11E3AA236ED5A600723F50 /* SceneDelegate.swift in Sources */,
				6F11E3BC236EE67100723F50 /* ChecklistItem.swift in Sources */,
				6F11E3C42370391300723F50 /* Checklist.swift in Sources */,
				6F11E3C62370471300723F50 /* ListDetailViewController.swift in Sources */,
				6F11E3C823705B3800723F50 /* DataModel.swift in Sources */,
			);
			runOnlyForDeploymentPostprocessing = 0;
		};
/* End PBXSourcesBuildPhase section */

/* Begin PBXVariantGroup section */
		6F11E3AD236ED5A600723F50 /* Main.storyboard */ = {
			isa = PBXVariantGroup;
			children = (
				6F11E3AE236ED5A600723F50 /* Base */,
			);
			name = Main.storyboard;
			sourceTree = "<group>";
		};
		6F11E3B2236ED5AA00723F50 /* LaunchScreen.storyboard */ = {
			isa = PBXVariantGroup;
			children = (
				6F11E3B3236ED5AA00723F50 /* Base */,
			);
			name = LaunchScreen.storyboard;
			sourceTree = "<group>";
		};
/* End PBXVariantGroup section */

/* Begin XCBuildConfiguration section */
		6F11E3B6236ED5AA00723F50 /* Debug */ = {
			isa = XCBuildConfiguration;
			buildSettings = {
				ALWAYS_SEARCH_USER_PATHS = NO;
				CLANG_ANALYZER_NONNULL = YES;
				CLANG_ANALYZER_NUMBER_OBJECT_CONVERSION = YES_AGGRESSIVE;
				CLANG_CXX_LANGUAGE_STANDARD = "gnu++14";
				CLANG_CXX_LIBRARY = "libc++";
				CLANG_ENABLE_MODULES = YES;
				CLANG_ENABLE_OBJC_ARC = YES;
				CLANG_ENABLE_OBJC_WEAK = YES;
				CLANG_WARN_BLOCK_CAPTURE_AUTORELEASING = YES;
				CLANG_WARN_BOOL_CONVERSION = YES;
				CLANG_WARN_COMMA = YES;
				CLANG_WARN_CONSTANT_CONVERSION = YES;
				CLANG_WARN_DEPRECATED_OBJC_IMPLEMENTATIONS = YES;
				CLANG_WARN_DIRECT_OBJC_ISA_USAGE = YES_ERROR;
				CLANG_WARN_DOCUMENTATION_COMMENTS = YES;
				CLANG_WARN_EMPTY_BODY = YES;
				CLANG_WARN_ENUM_CONVERSION = YES;
				CLANG_WARN_INFINITE_RECURSION = YES;
				CLANG_WARN_INT_CONVERSION = YES;
				CLANG_WARN_NON_LITERAL_NULL_CONVERSION = YES;
				CLANG_WARN_OBJC_IMPLICIT_RETAIN_SELF = YES;
				CLANG_WARN_OBJC_LITERAL_CONVERSION = YES;
				CLANG_WARN_OBJC_ROOT_CLASS = YES_ERROR;
				CLANG_WARN_RANGE_LOOP_ANALYSIS = YES;
				CLANG_WARN_STRICT_PROTOTYPES = YES;
				CLANG_WARN_SUSPICIOUS_MOVE = YES;
				CLANG_WARN_UNGUARDED_AVAILABILITY = YES_AGGRESSIVE;
				CLANG_WARN_UNREACHABLE_CODE = YES;
				CLANG_WARN__DUPLICATE_METHOD_MATCH = YES;
				COPY_PHASE_STRIP = NO;
				DEBUG_INFORMATION_FORMAT = dwarf;
				ENABLE_STRICT_OBJC_MSGSEND = YES;
				ENABLE_TESTABILITY = YES;
				GCC_C_LANGUAGE_STANDARD = gnu11;
				GCC_DYNAMIC_NO_PIC = NO;
				GCC_NO_COMMON_BLOCKS = YES;
				GCC_OPTIMIZATION_LEVEL = 0;
				GCC_PREPROCESSOR_DEFINITIONS = (
					"DEBUG=1",
					"$(inherited)",
				);
				GCC_WARN_64_TO_32_BIT_CONVERSION = YES;
				GCC_WARN_ABOUT_RETURN_TYPE = YES_ERROR;
				GCC_WARN_UNDECLARED_SELECTOR = YES;
				GCC_WARN_UNINITIALIZED_AUTOS = YES_AGGRESSIVE;
				GCC_WARN_UNUSED_FUNCTION = YES;
				GCC_WARN_UNUSED_VARIABLE = YES;
				IPHONEOS_DEPLOYMENT_TARGET = 13.0;
				MTL_ENABLE_DEBUG_INFO = INCLUDE_SOURCE;
				MTL_FAST_MATH = YES;
				ONLY_ACTIVE_ARCH = YES;
				SDKROOT = iphoneos;
				SWIFT_ACTIVE_COMPILATION_CONDITIONS = DEBUG;
				SWIFT_OPTIMIZATION_LEVEL = "-Onone";
			};
			name = Debug;
		};
		6F11E3B7236ED5AA00723F50 /* Release */ = {
			isa = XCBuildConfiguration;
			buildSettings = {
				ALWAYS_SEARCH_USER_PATHS = NO;
				CLANG_ANALYZER_NONNULL = YES;
				CLANG_ANALYZER_NUMBER_OBJECT_CONVERSION = YES_AGGRESSIVE;
				CLANG_CXX_LANGUAGE_STANDARD = "gnu++14";
				CLANG_CXX_LIBRARY = "libc++";
				CLANG_ENABLE_MODULES = YES;
				CLANG_ENABLE_OBJC_ARC = YES;
				CLANG_ENABLE_OBJC_WEAK = YES;
				CLANG_WARN_BLOCK_CAPTURE_AUTORELEASING = YES;
				CLANG_WARN_BOOL_CONVERSION = YES;
				CLANG_WARN_COMMA = YES;
				CLANG_WARN_CONSTANT_CONVERSION = YES;
				CLANG_WARN_DEPRECATED_OBJC_IMPLEMENTATIONS = YES;
				CLANG_WARN_DIRECT_OBJC_ISA_USAGE = YES_ERROR;
				CLANG_WARN_DOCUMENTATION_COMMENTS = YES;
				CLANG_WARN_EMPTY_BODY = YES;
				CLANG_WARN_ENUM_CONVERSION = YES;
				CLANG_WARN_INFINITE_RECURSION = YES;
				CLANG_WARN_INT_CONVERSION = YES;
				CLANG_WARN_NON_LITERAL_NULL_CONVERSION = YES;
				CLANG_WARN_OBJC_IMPLICIT_RETAIN_SELF = YES;
				CLANG_WARN_OBJC_LITERAL_CONVERSION = YES;
				CLANG_WARN_OBJC_ROOT_CLASS = YES_ERROR;
				CLANG_WARN_RANGE_LOOP_ANALYSIS = YES;
				CLANG_WARN_STRICT_PROTOTYPES = YES;
				CLANG_WARN_SUSPICIOUS_MOVE = YES;
				CLANG_WARN_UNGUARDED_AVAILABILITY = YES_AGGRESSIVE;
				CLANG_WARN_UNREACHABLE_CODE = YES;
				CLANG_WARN__DUPLICATE_METHOD_MATCH = YES;
				COPY_PHASE_STRIP = NO;
				DEBUG_INFORMATION_FORMAT = "dwarf-with-dsym";
				ENABLE_NS_ASSERTIONS = NO;
				ENABLE_STRICT_OBJC_MSGSEND = YES;
				GCC_C_LANGUAGE_STANDARD = gnu11;
				GCC_NO_COMMON_BLOCKS = YES;
				GCC_WARN_64_TO_32_BIT_CONVERSION = YES;
				GCC_WARN_ABOUT_RETURN_TYPE = YES_ERROR;
				GCC_WARN_UNDECLARED_SELECTOR = YES;
				GCC_WARN_UNINITIALIZED_AUTOS = YES_AGGRESSIVE;
				GCC_WARN_UNUSED_FUNCTION = YES;
				GCC_WARN_UNUSED_VARIABLE = YES;
				IPHONEOS_DEPLOYMENT_TARGET = 13.0;
				MTL_ENABLE_DEBUG_INFO = NO;
				MTL_FAST_MATH = YES;
				SDKROOT = iphoneos;
				SWIFT_COMPILATION_MODE = wholemodule;
				SWIFT_OPTIMIZATION_LEVEL = "-O";
				VALIDATE_PRODUCT = YES;
			};
			name = Release;
		};
		6F11E3B9236ED5AA00723F50 /* Debug */ = {
			isa = XCBuildConfiguration;
			buildSettings = {
				ASSETCATALOG_COMPILER_APPICON_NAME = AppIcon;
				CODE_SIGN_STYLE = Automatic;
				DEVELOPMENT_TEAM = NXA9FH974Z;
				INFOPLIST_FILE = Checklist/Info.plist;
				IPHONEOS_DEPLOYMENT_TARGET = 13.0;
				LD_RUNPATH_SEARCH_PATHS = (
					"$(inherited)",
					"@executable_path/Frameworks",
				);
				PRODUCT_BUNDLE_IDENTIFIER = com.MHAH.Checklist;
				PRODUCT_NAME = "$(TARGET_NAME)";
				SWIFT_VERSION = 5.0;
				TARGETED_DEVICE_FAMILY = 1;
			};
			name = Debug;
		};
		6F11E3BA236ED5AA00723F50 /* Release */ = {
			isa = XCBuildConfiguration;
			buildSettings = {
				ASSETCATALOG_COMPILER_APPICON_NAME = AppIcon;
				CODE_SIGN_STYLE = Automatic;
				DEVELOPMENT_TEAM = NXA9FH974Z;
				INFOPLIST_FILE = Checklist/Info.plist;
				IPHONEOS_DEPLOYMENT_TARGET = 13.0;
				LD_RUNPATH_SEARCH_PATHS = (
					"$(inherited)",
					"@executable_path/Frameworks",
				);
				PRODUCT_BUNDLE_IDENTIFIER = com.MHAH.Checklist;
				PRODUCT_NAME = "$(TARGET_NAME)";
				SWIFT_VERSION = 5.0;
				TARGETED_DEVICE_FAMILY = 1;
			};
			name = Release;
		};
/* End XCBuildConfiguration section */

/* Begin XCConfigurationList section */
		6F11E39F236ED5A600723F50 /* Build configuration list for PBXProject "Checklist" */ = {
			isa = XCConfigurationList;
			buildConfigurations = (
				6F11E3B6236ED5AA00723F50 /* Debug */,
				6F11E3B7236ED5AA00723F50 /* Release */,
			);
			defaultConfigurationIsVisible = 0;
			defaultConfigurationName = Release;
		};
		6F11E3B8236ED5AA00723F50 /* Build configuration list for PBXNativeTarget "Checklist" */ = {
			isa = XCConfigurationList;
			buildConfigurations = (
				6F11E3B9236ED5AA00723F50 /* Debug */,
				6F11E3BA236ED5AA00723F50 /* Release */,
			);
			defaultConfigurationIsVisible = 0;
			defaultConfigurationName = Release;
		};
/* End XCConfigurationList section */
	};
	rootObject = 6F11E39C236ED5A600723F50 /* Project object */;
}
